
Microsoft Visual Studio Solution File, Format Version 12.00
# Visual Studio Version 17
VisualStudioVersion = 17.12.35707.178 d17.12
MinimumVisualStudioVersion = 10.0.40219.1
Project("{FAE04EC0-301F-11D3-BF4B-00C04F79EFBC}") = "LitExten", "LitExten\LitExten.csproj", "{887129A2-57F7-487F-87DB-2F1B619E5CDB}"
EndProject
Global
	GlobalSection(SolutionConfigurationPlatforms) = preSolution
		Debug|Any CPU = Debug|Any CPU
		Release|Any CPU = Release|Any CPU
	EndGlobalSection
	GlobalSection(ProjectConfigurationPlatforms) = postSolution
		{887129A2-57F7-487F-87DB-2F1B619E5CDB}.Debug|Any CPU.ActiveCfg = Debug|Any CPU
		{887129A2-57F7-487F-87DB-2F1B619E5CDB}.Debug|Any CPU.Build.0 = Debug|Any CPU
		{887129A2-57F7-487F-87DB-2F1B619E5CDB}.Release|Any CPU.ActiveCfg = Release|Any CPU
		{887129A2-57F7-487F-87DB-2F1B619E5CDB}.Release|Any CPU.Build.0 = Release|Any CPU
	EndGlobalSection
	GlobalSection(SolutionProperties) = preSolution
		HideSolutionNode = FALSE
	EndGlobalSection
EndGlobal
